
Microsoft Visual Studio Solution File, Format Version 12.00
# Visual Studio Version 17
VisualStudioVersion = 17.13.35806.99
MinimumVisualStudioVersion = 10.0.40219.1
Project("{FAE04EC0-301F-11D3-BF4B-00C04F79EFBC}") = "Task1", "Task1\Task1.csproj", "{2B4E711E-A05B-4FB4-9B04-771AE830D774}"
EndProject
Project("{FAE04EC0-301F-11D3-BF4B-00C04F79EFBC}") = "Task2", "Task2\Task2.csproj", "{80BCFCBA-2D56-40D3-94DF-729B972006A0}"
EndProject
Project("{FAE04EC0-301F-11D3-BF4B-00C04F79EFBC}") = "Task3", "Task3\Task3.csproj", "{F35B3A7F-52ED-499F-9BD5-9D9393BC0E26}"
EndProject
Global
	GlobalSection(SolutionConfigurationPlatforms) = preSolution
		Debug|Any CPU = Debug|Any CPU
		Release|Any CPU = Release|Any CPU
	EndGlobalSection
	GlobalSection(ProjectConfigurationPlatforms) = postSolution
		{2B4E711E-A05B-4FB4-9B04-771AE830D774}.Debug|Any CPU.ActiveCfg = Debug|Any CPU
		{2B4E711E-A05B-4FB4-9B04-771AE830D774}.Debug|Any CPU.Build.0 = Debug|Any CPU
		{2B4E711E-A05B-4FB4-9B04-771AE830D774}.Release|Any CPU.ActiveCfg = Release|Any CPU
		{2B4E711E-A05B-4FB4-9B04-771AE830D774}.Release|Any CPU.Build.0 = Release|Any CPU
		{80BCFCBA-2D56-40D3-94DF-729B972006A0}.Debug|Any CPU.ActiveCfg = Debug|Any CPU
		{80BCFCBA-2D56-40D3-94DF-729B972006A0}.Debug|Any CPU.Build.0 = Debug|Any CPU
		{80BCFCBA-2D56-40D3-94DF-729B972006A0}.Release|Any CPU.ActiveCfg = Release|Any CPU
		{80BCFCBA-2D56-40D3-94DF-729B972006A0}.Release|Any CPU.Build.0 = Release|Any CPU
		{F35B3A7F-52ED-499F-9BD5-9D9393BC0E26}.Debug|Any CPU.ActiveCfg = Debug|Any CPU
		{F35B3A7F-52ED-499F-9BD5-9D9393BC0E26}.Debug|Any CPU.Build.0 = Debug|Any CPU
		{F35B3A7F-52ED-499F-9BD5-9D9393BC0E26}.Release|Any CPU.ActiveCfg = Release|Any CPU
		{F35B3A7F-52ED-499F-9BD5-9D9393BC0E26}.Release|Any CPU.Build.0 = Release|Any CPU
	EndGlobalSection
	GlobalSection(SolutionProperties) = preSolution
		HideSolutionNode = FALSE
	EndGlobalSection
	GlobalSection(ExtensibilityGlobals) = postSolution
		SolutionGuid = {ABCD9947-B342-4AD3-9826-13F459222B2C}
	EndGlobalSection
EndGlobal
